// !$*UTF8*$!
{
	archiveVersion = 1;
	classes = {
	};
	objectVersion = 46;
	objects = {

/* Begin PBXBuildFile section */
		625A5E199920B3BB39B2D1E8 /* Pods_FobChat.framework in Frameworks */ = {isa = PBXBuildFile; fileRef = 9175949385E0130AAA85C24A /* Pods_FobChat.framework */; };
		B138B42E1DB9EBBC00029DF5 /* AppDelegate.swift in Sources */ = {isa = PBXBuildFile; fileRef = B138B42D1DB9EBBC00029DF5 /* AppDelegate.swift */; };
		B138B4301DB9EBBC00029DF5 /* ViewController.swift in Sources */ = {isa = PBXBuildFile; fileRef = B138B42F1DB9EBBC00029DF5 /* ViewController.swift */; };
		B138B4331DB9EBBC00029DF5 /* Main.storyboard in Resources */ = {isa = PBXBuildFile; fileRef = B138B4311DB9EBBC00029DF5 /* Main.storyboard */; };
		B138B4351DB9EBBC00029DF5 /* Assets.xcassets in Resources */ = {isa = PBXBuildFile; fileRef = B138B4341DB9EBBC00029DF5 /* Assets.xcassets */; };
		B138B4381DB9EBBC00029DF5 /* LaunchScreen.storyboard in Resources */ = {isa = PBXBuildFile; fileRef = B138B4361DB9EBBC00029DF5 /* LaunchScreen.storyboard */; };
		B138B4401DB9EC9A00029DF5 /* GoogleService-Info.plist in Resources */ = {isa = PBXBuildFile; fileRef = B138B43F1DB9EC9A00029DF5 /* GoogleService-Info.plist */; };
		B15530DA1DB9FC880073A2C7 /* SnapsViewController.swift in Sources */ = {isa = PBXBuildFile; fileRef = B15530D91DB9FC880073A2C7 /* SnapsViewController.swift */; };
		B15530DD1DB9FFD00073A2C7 /* Unknown.png in Resources */ = {isa = PBXBuildFile; fileRef = B15530DC1DB9FFD00073A2C7 /* Unknown.png */; };
		B15530DF1DBA003B0073A2C7 /* PictureViewController.swift in Sources */ = {isa = PBXBuildFile; fileRef = B15530DE1DBA003B0073A2C7 /* PictureViewController.swift */; };
		B171FFB41DE57AF20006416C /* Snap.swift in Sources */ = {isa = PBXBuildFile; fileRef = B171FFB31DE57AF20006416C /* Snap.swift */; };
		B171FFB61DE581AF0006416C /* viewSnapViewController.swift in Sources */ = {isa = PBXBuildFile; fileRef = B171FFB51DE581AF0006416C /* viewSnapViewController.swift */; };
		B17EF24E1DE3A50C0078879D /* SelectUserViewController.swift in Sources */ = {isa = PBXBuildFile; fileRef = B17EF24D1DE3A50C0078879D /* SelectUserViewController.swift */; };
		B17EF2501DE3BE970078879D /* User.swift in Sources */ = {isa = PBXBuildFile; fileRef = B17EF24F1DE3BE970078879D /* User.swift */; };
/* End PBXBuildFile section */

/* Begin PBXFileReference section */
		1076BB3581562E99EBF3E652 /* Pods-FobChat.debug.xcconfig */ = {isa = PBXFileReference; includeInIndex = 1; lastKnownFileType = text.xcconfig; name = "Pods-FobChat.debug.xcconfig"; path = "Pods/Target Support Files/Pods-FobChat/Pods-FobChat.debug.xcconfig"; sourceTree = "<group>"; };
		647D0C30ECE8E59123745876 /* Pods-FobChat.release.xcconfig */ = {isa = PBXFileReference; includeInIndex = 1; lastKnownFileType = text.xcconfig; name = "Pods-FobChat.release.xcconfig"; path = "Pods/Target Support Files/Pods-FobChat/Pods-FobChat.release.xcconfig"; sourceTree = "<group>"; };
		9175949385E0130AAA85C24A /* Pods_FobChat.framework */ = {isa = PBXFileReference; explicitFileType = wrapper.framework; includeInIndex = 0; path = Pods_FobChat.framework; sourceTree = BUILT_PRODUCTS_DIR; };
		B138B42A1DB9EBBC00029DF5 /* FobChat.app */ = {isa = PBXFileReference; explicitFileType = wrapper.application; includeInIndex = 0; path = FobChat.app; sourceTree = BUILT_PRODUCTS_DIR; };
		B138B42D1DB9EBBC00029DF5 /* AppDelegate.swift */ = {isa = PBXFileReference; lastKnownFileType = sourcecode.swift; path = AppDelegate.swift; sourceTree = "<group>"; };
		B138B42F1DB9EBBC00029DF5 /* ViewController.swift */ = {isa = PBXFileReference; lastKnownFileType = sourcecode.swift; path = ViewController.swift; sourceTree = "<group>"; };
		B138B4321DB9EBBC00029DF5 /* Base */ = {isa = PBXFileReference; lastKnownFileType = file.storyboard; name = Base; path = Base.lproj/Main.storyboard; sourceTree = "<group>"; };
		B138B4341DB9EBBC00029DF5 /* Assets.xcassets */ = {isa = PBXFileReference; lastKnownFileType = folder.assetcatalog; path = Assets.xcassets; sourceTree = "<group>"; };
		B138B4371DB9EBBC00029DF5 /* Base */ = {isa = PBXFileReference; lastKnownFileType = file.storyboard; name = Base; path = Base.lproj/LaunchScreen.storyboard; sourceTree = "<group>"; };
		B138B4391DB9EBBC00029DF5 /* Info.plist */ = {isa = PBXFileReference; lastKnownFileType = text.plist.xml; path = Info.plist; sourceTree = "<group>"; };
		B138B43F1DB9EC9A00029DF5 /* GoogleService-Info.plist */ = {isa = PBXFileReference; fileEncoding = 4; lastKnownFileType = text.plist.xml; path = "GoogleService-Info.plist"; sourceTree = "<group>"; };
		B15530D81DB9FA6F0073A2C7 /* FobChat.entitlements */ = {isa = PBXFileReference; lastKnownFileType = text.plist.entitlements; path = FobChat.entitlements; sourceTree = "<group>"; };
		B15530D91DB9FC880073A2C7 /* SnapsViewController.swift */ = {isa = PBXFileReference; fileEncoding = 4; lastKnownFileType = sourcecode.swift; path = SnapsViewController.swift; sourceTree = "<group>"; };
		B15530DC1DB9FFD00073A2C7 /* Unknown.png */ = {isa = PBXFileReference; lastKnownFileType = image.png; path = Unknown.png; sourceTree = "<group>"; };
		B15530DE1DBA003B0073A2C7 /* PictureViewController.swift */ = {isa = PBXFileReference; fileEncoding = 4; lastKnownFileType = sourcecode.swift; path = PictureViewController.swift; sourceTree = "<group>"; };
		B171FFB31DE57AF20006416C /* Snap.swift */ = {isa = PBXFileReference; fileEncoding = 4; lastKnownFileType = sourcecode.swift; path = Snap.swift; sourceTree = "<group>"; };
		B171FFB51DE581AF0006416C /* viewSnapViewController.swift */ = {isa = PBXFileReference; fileEncoding = 4; lastKnownFileType = sourcecode.swift; path = viewSnapViewController.swift; sourceTree = "<group>"; };
		B17EF24D1DE3A50C0078879D /* SelectUserViewController.swift */ = {isa = PBXFileReference; fileEncoding = 4; lastKnownFileType = sourcecode.swift; path = SelectUserViewController.swift; sourceTree = "<group>"; };
		B17EF24F1DE3BE970078879D /* User.swift */ = {isa = PBXFileReference; fileEncoding = 4; lastKnownFileType = sourcecode.swift; path = User.swift; sourceTree = "<group>"; };
/* End PBXFileReference section */

/* Begin PBXFrameworksBuildPhase section */
		B138B4271DB9EBBC00029DF5 /* Frameworks */ = {
			isa = PBXFrameworksBuildPhase;
			buildActionMask = 2147483647;
			files = (
				625A5E199920B3BB39B2D1E8 /* Pods_FobChat.framework in Frameworks */,
			);
			runOnlyForDeploymentPostprocessing = 0;
		};
/* End PBXFrameworksBuildPhase section */

/* Begin PBXGroup section */
		36EDF960632D5D2B2698BC84 /* Frameworks */ = {
			isa = PBXGroup;
			children = (
				9175949385E0130AAA85C24A /* Pods_FobChat.framework */,
			);
			name = Frameworks;
			sourceTree = "<group>";
		};
		A1EE38FE97BE185B804C5D5B /* Pods */ = {
			isa = PBXGroup;
			children = (
				1076BB3581562E99EBF3E652 /* Pods-FobChat.debug.xcconfig */,
				647D0C30ECE8E59123745876 /* Pods-FobChat.release.xcconfig */,
			);
			name = Pods;
			sourceTree = "<group>";
		};
		B138B4211DB9EBBC00029DF5 = {
			isa = PBXGroup;
			children = (
				B138B42C1DB9EBBC00029DF5 /* FobChat */,
				B138B42B1DB9EBBC00029DF5 /* Products */,
				A1EE38FE97BE185B804C5D5B /* Pods */,
				36EDF960632D5D2B2698BC84 /* Frameworks */,
			);
			sourceTree = "<group>";
		};
		B138B42B1DB9EBBC00029DF5 /* Products */ = {
			isa = PBXGroup;
			children = (
				B138B42A1DB9EBBC00029DF5 /* FobChat.app */,
			);
			name = Products;
			sourceTree = "<group>";
		};
		B138B42C1DB9EBBC00029DF5 /* FobChat */ = {
			isa = PBXGroup;
			children = (
				B17EF2511DE3BEB80078879D /* ViewControllers */,
				B17EF2521DE3BEDF0078879D /* Models */,
				B138B4311DB9EBBC00029DF5 /* Main.storyboard */,
				B15530D81DB9FA6F0073A2C7 /* FobChat.entitlements */,
				B138B42D1DB9EBBC00029DF5 /* AppDelegate.swift */,
				B138B4341DB9EBBC00029DF5 /* Assets.xcassets */,
				B138B4361DB9EBBC00029DF5 /* LaunchScreen.storyboard */,
				B138B4391DB9EBBC00029DF5 /* Info.plist */,
				B138B43F1DB9EC9A00029DF5 /* GoogleService-Info.plist */,
				B15530DC1DB9FFD00073A2C7 /* Unknown.png */,
			);
			path = FobChat;
			sourceTree = "<group>";
		};
		B17EF2511DE3BEB80078879D /* ViewControllers */ = {
			isa = PBXGroup;
			children = (
				B138B42F1DB9EBBC00029DF5 /* ViewController.swift */,
				B15530D91DB9FC880073A2C7 /* SnapsViewController.swift */,
				B15530DE1DBA003B0073A2C7 /* PictureViewController.swift */,
				B17EF24D1DE3A50C0078879D /* SelectUserViewController.swift */,
				B171FFB51DE581AF0006416C /* viewSnapViewController.swift */,
			);
			name = ViewControllers;
			sourceTree = "<group>";
		};
		B17EF2521DE3BEDF0078879D /* Models */ = {
			isa = PBXGroup;
			children = (
				B17EF24F1DE3BE970078879D /* User.swift */,
				B171FFB31DE57AF20006416C /* Snap.swift */,
			);
			name = Models;
			sourceTree = "<group>";
		};
/* End PBXGroup section */

/* Begin PBXNativeTarget section */
		B138B4291DB9EBBC00029DF5 /* FobChat */ = {
			isa = PBXNativeTarget;
			buildConfigurationList = B138B43C1DB9EBBC00029DF5 /* Build configuration list for PBXNativeTarget "FobChat" */;
			buildPhases = (
				179FF7F7B335F2A929038497 /* [CP] Check Pods Manifest.lock */,
				B138B4261DB9EBBC00029DF5 /* Sources */,
				B138B4271DB9EBBC00029DF5 /* Frameworks */,
				B138B4281DB9EBBC00029DF5 /* Resources */,
				B56E21EB925C8BE9F40B02DB /* [CP] Embed Pods Frameworks */,
				FCDF72F6726122B3039C029C /* [CP] Copy Pods Resources */,
			);
			buildRules = (
			);
			dependencies = (
			);
			name = FobChat;
			productName = FobChat;
			productReference = B138B42A1DB9EBBC00029DF5 /* FobChat.app */;
			productType = "com.apple.product-type.application";
		};
/* End PBXNativeTarget section */

/* Begin PBXProject section */
		B138B4221DB9EBBC00029DF5 /* Project object */ = {
			isa = PBXProject;
			attributes = {
				LastSwiftUpdateCheck = 0810;
				LastUpgradeCheck = 0810;
				ORGANIZATIONNAME = "EMMANUEL J ZAFRA";
				TargetAttributes = {
					B138B4291DB9EBBC00029DF5 = {
						CreatedOnToolsVersion = 8.1;
						DevelopmentTeam = S6SNTXX99S;
						ProvisioningStyle = Automatic;
						SystemCapabilities = {
							com.apple.Keychain = {
								enabled = 1;
							};
						};
					};
				};
			};
			buildConfigurationList = B138B4251DB9EBBC00029DF5 /* Build configuration list for PBXProject "FobChat" */;
			compatibilityVersion = "Xcode 3.2";
			developmentRegion = English;
			hasScannedForEncodings = 0;
			knownRegions = (
				en,
				Base,
			);
			mainGroup = B138B4211DB9EBBC00029DF5;
			productRefGroup = B138B42B1DB9EBBC00029DF5 /* Products */;
			projectDirPath = "";
			projectRoot = "";
			targets = (
				B138B4291DB9EBBC00029DF5 /* FobChat */,
			);
		};
/* End PBXProject section */

/* Begin PBXResourcesBuildPhase section */
		B138B4281DB9EBBC00029DF5 /* Resources */ = {
			isa = PBXResourcesBuildPhase;
			buildActionMask = 2147483647;
			files = (
				B138B4381DB9EBBC00029DF5 /* LaunchScreen.storyboard in Resources */,
				B15530DD1DB9FFD00073A2C7 /* Unknown.png in Resources */,
				B138B4351DB9EBBC00029DF5 /* Assets.xcassets in Resources */,
				B138B4401DB9EC9A00029DF5 /* GoogleService-Info.plist in Resources */,
				B138B4331DB9EBBC00029DF5 /* Main.storyboard in Resources */,
			);
			runOnlyForDeploymentPostprocessing = 0;
		};
/* End PBXResourcesBuildPhase section */

/* Begin PBXShellScriptBuildPhase section */
		179FF7F7B335F2A929038497 /* [CP] Check Pods Manifest.lock */ = {
			isa = PBXShellScriptBuildPhase;
			buildActionMask = 2147483647;
			files = (
			);
			inputPaths = (
			);
			name = "[CP] Check Pods Manifest.lock";
			outputPaths = (
			);
			runOnlyForDeploymentPostprocessing = 0;
			shellPath = /bin/sh;
			shellScript = "diff \"${PODS_ROOT}/../Podfile.lock\" \"${PODS_ROOT}/Manifest.lock\" > /dev/null\nif [ $? != 0 ] ; then\n    # print error to STDERR\n    echo \"error: The sandbox is not in sync with the Podfile.lock. Run 'pod install' or update your CocoaPods installation.\" >&2\n    exit 1\nfi\n";
			showEnvVarsInLog = 0;
		};
		B56E21EB925C8BE9F40B02DB /* [CP] Embed Pods Frameworks */ = {
			isa = PBXShellScriptBuildPhase;
			buildActionMask = 2147483647;
			files = (
			);
			inputPaths = (
			);
			name = "[CP] Embed Pods Frameworks";
			outputPaths = (
			);
			runOnlyForDeploymentPostprocessing = 0;
			shellPath = /bin/sh;
			shellScript = "\"${SRCROOT}/Pods/Target Support Files/Pods-FobChat/Pods-FobChat-frameworks.sh\"\n";
			showEnvVarsInLog = 0;
		};
		FCDF72F6726122B3039C029C /* [CP] Copy Pods Resources */ = {
			isa = PBXShellScriptBuildPhase;
			buildActionMask = 2147483647;
			files = (
			);
			inputPaths = (
			);
			name = "[CP] Copy Pods Resources";
			outputPaths = (
			);
			runOnlyForDeploymentPostprocessing = 0;
			shellPath = /bin/sh;
			shellScript = "\"${SRCROOT}/Pods/Target Support Files/Pods-FobChat/Pods-FobChat-resources.sh\"\n";
			showEnvVarsInLog = 0;
		};
/* End PBXShellScriptBuildPhase section */

/* Begin PBXSourcesBuildPhase section */
		B138B4261DB9EBBC00029DF5 /* Sources */ = {
			isa = PBXSourcesBuildPhase;
			buildActionMask = 2147483647;
			files = (
				B138B4301DB9EBBC00029DF5 /* ViewController.swift in Sources */,
				B15530DF1DBA003B0073A2C7 /* PictureViewController.swift in Sources */,
				B171FFB41DE57AF20006416C /* Snap.swift in Sources */,
				B171FFB61DE581AF0006416C /* viewSnapViewController.swift in Sources */,
				B17EF2501DE3BE970078879D /* User.swift in Sources */,
				B17EF24E1DE3A50C0078879D /* SelectUserViewController.swift in Sources */,
				B138B42E1DB9EBBC00029DF5 /* AppDelegate.swift in Sources */,
				B15530DA1DB9FC880073A2C7 /* SnapsViewController.swift in Sources */,
			);
			runOnlyForDeploymentPostprocessing = 0;
		};
/* End PBXSourcesBuildPhase section */

/* Begin PBXVariantGroup section */
		B138B4311DB9EBBC00029DF5 /* Main.storyboard */ = {
			isa = PBXVariantGroup;
			children = (
				B138B4321DB9EBBC00029DF5 /* Base */,
			);
			name = Main.storyboard;
			sourceTree = "<group>";
		};
		B138B4361DB9EBBC00029DF5 /* LaunchScreen.storyboard */ = {
			isa = PBXVariantGroup;
			children = (
				B138B4371DB9EBBC00029DF5 /* Base */,
			);
			name = LaunchScreen.storyboard;
			sourceTree = "<group>";
		};
/* End PBXVariantGroup section */

/* Begin XCBuildConfiguration section */
		B138B43A1DB9EBBC00029DF5 /* Debug */ = {
			isa = XCBuildConfiguration;
			buildSettings = {
				ALWAYS_SEARCH_USER_PATHS = NO;
				CLANG_ANALYZER_NONNULL = YES;
				CLANG_CXX_LANGUAGE_STANDARD = "gnu++0x";
				CLANG_CXX_LIBRARY = "libc++";
				CLANG_ENABLE_MODULES = YES;
				CLANG_ENABLE_OBJC_ARC = YES;
				CLANG_WARN_BOOL_CONVERSION = YES;
				CLANG_WARN_CONSTANT_CONVERSION = YES;
				CLANG_WARN_DIRECT_OBJC_ISA_USAGE = YES_ERROR;
				CLANG_WARN_DOCUMENTATION_COMMENTS = YES;
				CLANG_WARN_EMPTY_BODY = YES;
				CLANG_WARN_ENUM_CONVERSION = YES;
				CLANG_WARN_INFINITE_RECURSION = YES;
				CLANG_WARN_INT_CONVERSION = YES;
				CLANG_WARN_OBJC_ROOT_CLASS = YES_ERROR;
				CLANG_WARN_SUSPICIOUS_MOVES = YES;
				CLANG_WARN_UNREACHABLE_CODE = YES;
				CLANG_WARN__DUPLICATE_METHOD_MATCH = YES;
				"CODE_SIGN_IDENTITY[sdk=iphoneos*]" = "iPhone Developer";
				COPY_PHASE_STRIP = NO;
				DEBUG_INFORMATION_FORMAT = dwarf;
				ENABLE_STRICT_OBJC_MSGSEND = YES;
				ENABLE_TESTABILITY = YES;
				GCC_C_LANGUAGE_STANDARD = gnu99;
				GCC_DYNAMIC_NO_PIC = NO;
				GCC_NO_COMMON_BLOCKS = YES;
				GCC_OPTIMIZATION_LEVEL = 0;
				GCC_PREPROCESSOR_DEFINITIONS = (
					"DEBUG=1",
					"$(inherited)",
				);
				GCC_WARN_64_TO_32_BIT_CONVERSION = YES;
				GCC_WARN_ABOUT_RETURN_TYPE = YES_ERROR;
				GCC_WARN_UNDECLARED_SELECTOR = YES;
				GCC_WARN_UNINITIALIZED_AUTOS = YES_AGGRESSIVE;
				GCC_WARN_UNUSED_FUNCTION = YES;
				GCC_WARN_UNUSED_VARIABLE = YES;
				IPHONEOS_DEPLOYMENT_TARGET = 10.1;
				MTL_ENABLE_DEBUG_INFO = YES;
				ONLY_ACTIVE_ARCH = YES;
				SDKROOT = iphoneos;
				SWIFT_ACTIVE_COMPILATION_CONDITIONS = DEBUG;
				SWIFT_OPTIMIZATION_LEVEL = "-Onone";
				TARGETED_DEVICE_FAMILY = "1,2";
			};
			name = Debug;
		};
		B138B43B1DB9EBBC00029DF5 /* Release */ = {
			isa = XCBuildConfiguration;
			buildSettings = {
				ALWAYS_SEARCH_USER_PATHS = NO;
				CLANG_ANALYZER_NONNULL = YES;
				CLANG_CXX_LANGUAGE_STANDARD = "gnu++0x";
				CLANG_CXX_LIBRARY = "libc++";
				CLANG_ENABLE_MODULES = YES;
				CLANG_ENABLE_OBJC_ARC = YES;
				CLANG_WARN_BOOL_CONVERSION = YES;
				CLANG_WARN_CONSTANT_CONVERSION = YES;
				CLANG_WARN_DIRECT_OBJC_ISA_USAGE = YES_ERROR;
				CLANG_WARN_DOCUMENTATION_COMMENTS = YES;
				CLANG_WARN_EMPTY_BODY = YES;
				CLANG_WARN_ENUM_CONVERSION = YES;
				CLANG_WARN_INFINITE_RECURSION = YES;
				CLANG_WARN_INT_CONVERSION = YES;
				CLANG_WARN_OBJC_ROOT_CLASS = YES_ERROR;
				CLANG_WARN_SUSPICIOUS_MOVES = YES;
				CLANG_WARN_UNREACHABLE_CODE = YES;
				CLANG_WARN__DUPLICATE_METHOD_MATCH = YES;
				"CODE_SIGN_IDENTITY[sdk=iphoneos*]" = "iPhone Developer";
				COPY_PHASE_STRIP = NO;
				DEBUG_INFORMATION_FORMAT = "dwarf-with-dsym";
				ENABLE_NS_ASSERTIONS = NO;
				ENABLE_STRICT_OBJC_MSGSEND = YES;
				GCC_C_LANGUAGE_STANDARD = gnu99;
				GCC_NO_COMMON_BLOCKS = YES;
				GCC_WARN_64_TO_32_BIT_CONVERSION = YES;
				GCC_WARN_ABOUT_RETURN_TYPE = YES_ERROR;
				GCC_WARN_UNDECLARED_SELECTOR = YES;
				GCC_WARN_UNINITIALIZED_AUTOS = YES_AGGRESSIVE;
				GCC_WARN_UNUSED_FUNCTION = YES;
				GCC_WARN_UNUSED_VARIABLE = YES;
				IPHONEOS_DEPLOYMENT_TARGET = 10.1;
				MTL_ENABLE_DEBUG_INFO = NO;
				SDKROOT = iphoneos;
				SWIFT_OPTIMIZATION_LEVEL = "-Owholemodule";
				TARGETED_DEVICE_FAMILY = "1,2";
				VALIDATE_PRODUCT = YES;
			};
			name = Release;
		};
		B138B43D1DB9EBBC00029DF5 /* Debug */ = {
			isa = XCBuildConfiguration;
			baseConfigurationReference = 1076BB3581562E99EBF3E652 /* Pods-FobChat.debug.xcconfig */;
			buildSettings = {
				ASSETCATALOG_COMPILER_APPICON_NAME = AppIcon;
				CODE_SIGN_ENTITLEMENTS = FobChat/FobChat.entitlements;
				DEVELOPMENT_TEAM = S6SNTXX99S;
				INFOPLIST_FILE = FobChat/Info.plist;
				LD_RUNPATH_SEARCH_PATHS = "$(inherited) @executable_path/Frameworks";
				PRODUCT_BUNDLE_IDENTIFIER = ejayzee.FobChat;
				PRODUCT_NAME = "$(TARGET_NAME)";
				SWIFT_VERSION = 3.0;
			};
			name = Debug;
		};
		B138B43E1DB9EBBC00029DF5 /* Release */ = {
			isa = XCBuildConfiguration;
			baseConfigurationReference = 647D0C30ECE8E59123745876 /* Pods-FobChat.release.xcconfig */;
			buildSettings = {
				ASSETCATALOG_COMPILER_APPICON_NAME = AppIcon;
				CODE_SIGN_ENTITLEMENTS = FobChat/FobChat.entitlements;
				DEVELOPMENT_TEAM = S6SNTXX99S;
				INFOPLIST_FILE = FobChat/Info.plist;
				LD_RUNPATH_SEARCH_PATHS = "$(inherited) @executable_path/Frameworks";
				PRODUCT_BUNDLE_IDENTIFIER = ejayzee.FobChat;
				PRODUCT_NAME = "$(TARGET_NAME)";
				SWIFT_VERSION = 3.0;
			};
			name = Release;
		};
/* End XCBuildConfiguration section */

/* Begin XCConfigurationList section */
		B138B4251DB9EBBC00029DF5 /* Build configuration list for PBXProject "FobChat" */ = {
			isa = XCConfigurationList;
			buildConfigurations = (
				B138B43A1DB9EBBC00029DF5 /* Debug */,
				B138B43B1DB9EBBC00029DF5 /* Release */,
			);
			defaultConfigurationIsVisible = 0;
			defaultConfigurationName = Release;
		};
		B138B43C1DB9EBBC00029DF5 /* Build configuration list for PBXNativeTarget "FobChat" */ = {
			isa = XCConfigurationList;
			buildConfigurations = (
				B138B43D1DB9EBBC00029DF5 /* Debug */,
				B138B43E1DB9EBBC00029DF5 /* Release */,
			);
			defaultConfigurationIsVisible = 0;
			defaultConfigurationName = Release;
		};
/* End XCConfigurationList section */
	};
	rootObject = B138B4221DB9EBBC00029DF5 /* Project object */;
}
